// !$*UTF8*$!
{
	archiveVersion = 1;
	classes = {
	};
	objectVersion = 51;
	objects = {

/* Begin PBXBuildFile section */
		0353AE94241BDD8900655224 /* celsiusLab.storyboard in Resources */ = {isa = PBXBuildFile; fileRef = 0353AE92241BDD8900655224 /* celsiusLab.storyboard */; };
		0353AE98241BDDC300655224 /* CelsiusController.swift in Sources */ = {isa = PBXBuildFile; fileRef = 0353AE97241BDDC300655224 /* CelsiusController.swift */; };
		03929D2324193B1300AC927E /* PythoController.swift in Sources */ = {isa = PBXBuildFile; fileRef = 03929D2224193B1300AC927E /* PythoController.swift */; };
		03929D34241943D500AC927E /* ViewController.swift in Sources */ = {isa = PBXBuildFile; fileRef = 03929D33241943D500AC927E /* ViewController.swift */; };
		039DA93424169A9600975379 /* AppDelegate.swift in Sources */ = {isa = PBXBuildFile; fileRef = 039DA93324169A9600975379 /* AppDelegate.swift */; };
		039DA93624169A9600975379 /* SceneDelegate.swift in Sources */ = {isa = PBXBuildFile; fileRef = 039DA93524169A9600975379 /* SceneDelegate.swift */; };
		039DA93B24169A9600975379 /* Main.storyboard in Resources */ = {isa = PBXBuildFile; fileRef = 039DA93924169A9600975379 /* Main.storyboard */; };
		039DA94024169AA300975379 /* LaunchScreen.storyboard in Resources */ = {isa = PBXBuildFile; fileRef = 039DA93E24169AA300975379 /* LaunchScreen.storyboard */; };
		03ACA577241A8A2600F18F05 /* pythoLab.storyboard in Resources */ = {isa = PBXBuildFile; fileRef = 03ACA575241A8A2600F18F05 /* pythoLab.storyboard */; };
		4ABAFB9FF90DA61BAD52AF95 /* Pods_SwiftPortfolio.framework in Frameworks */ = {isa = PBXBuildFile; fileRef = 6CD484296151644291DC9606 /* Pods_SwiftPortfolio.framework */; };
		84455D82241C48190042F189 /* Assets.xcassets in Resources */ = {isa = PBXBuildFile; fileRef = 84455D81241C48190042F189 /* Assets.xcassets */; };
/* End PBXBuildFile section */

/* Begin PBXFileReference section */
		0353AE93241BDD8900655224 /* Base */ = {isa = PBXFileReference; lastKnownFileType = file.storyboard; name = Base; path = Base.lproj/celsiusLab.storyboard; sourceTree = "<group>"; };
		0353AE97241BDDC300655224 /* CelsiusController.swift */ = {isa = PBXFileReference; lastKnownFileType = sourcecode.swift; path = CelsiusController.swift; sourceTree = "<group>"; };
		03929D2224193B1300AC927E /* PythoController.swift */ = {isa = PBXFileReference; lastKnownFileType = sourcecode.swift; name = PythoController.swift; path = SwiftPortfolio/PythoController.swift; sourceTree = SOURCE_ROOT; };
		03929D33241943D500AC927E /* ViewController.swift */ = {isa = PBXFileReference; lastKnownFileType = sourcecode.swift; name = ViewController.swift; path = SwiftPortfolio/ViewController.swift; sourceTree = SOURCE_ROOT; };
		039DA93024169A9600975379 /* SwiftPortfolio.app */ = {isa = PBXFileReference; explicitFileType = wrapper.application; includeInIndex = 0; path = SwiftPortfolio.app; sourceTree = BUILT_PRODUCTS_DIR; };
		039DA93324169A9600975379 /* AppDelegate.swift */ = {isa = PBXFileReference; lastKnownFileType = sourcecode.swift; name = AppDelegate.swift; path = ../AppDelegate.swift; sourceTree = "<group>"; };
		039DA93524169A9600975379 /* SceneDelegate.swift */ = {isa = PBXFileReference; lastKnownFileType = sourcecode.swift; name = SceneDelegate.swift; path = ../SceneDelegate.swift; sourceTree = "<group>"; };
		039DA93A24169A9600975379 /* Base */ = {isa = PBXFileReference; lastKnownFileType = file.storyboard; name = Base; path = Base.lproj/Main.storyboard; sourceTree = "<group>"; };
		039DA93F24169AA300975379 /* Base */ = {isa = PBXFileReference; lastKnownFileType = file.storyboard; name = Base; path = Base.lproj/LaunchScreen.storyboard; sourceTree = "<group>"; };
		039DA94124169AA300975379 /* Info.plist */ = {isa = PBXFileReference; lastKnownFileType = text.plist.xml; path = Info.plist; sourceTree = "<group>"; };
		03ACA576241A8A2600F18F05 /* Base */ = {isa = PBXFileReference; lastKnownFileType = file.storyboard; name = Base; path = Base.lproj/pythoLab.storyboard; sourceTree = "<group>"; };
		399D706737C9395DAEAFEB50 /* Pods-SwiftPortfolio.debug.xcconfig */ = {isa = PBXFileReference; includeInIndex = 1; lastKnownFileType = text.xcconfig; name = "Pods-SwiftPortfolio.debug.xcconfig"; path = "Target Support Files/Pods-SwiftPortfolio/Pods-SwiftPortfolio.debug.xcconfig"; sourceTree = "<group>"; };
		6CD484296151644291DC9606 /* Pods_SwiftPortfolio.framework */ = {isa = PBXFileReference; explicitFileType = wrapper.framework; includeInIndex = 0; path = Pods_SwiftPortfolio.framework; sourceTree = BUILT_PRODUCTS_DIR; };
		84455D81241C48190042F189 /* Assets.xcassets */ = {isa = PBXFileReference; lastKnownFileType = folder.assetcatalog; path = Assets.xcassets; sourceTree = "<group>"; };
		BDC7CB9996311D61EE022508 /* Pods-SwiftPortfolio.release.xcconfig */ = {isa = PBXFileReference; includeInIndex = 1; lastKnownFileType = text.xcconfig; name = "Pods-SwiftPortfolio.release.xcconfig"; path = "Target Support Files/Pods-SwiftPortfolio/Pods-SwiftPortfolio.release.xcconfig"; sourceTree = "<group>"; };
/* End PBXFileReference section */

/* Begin PBXFrameworksBuildPhase section */
		039DA92D24169A9600975379 /* Frameworks */ = {
			isa = PBXFrameworksBuildPhase;
			buildActionMask = 2147483647;
			files = (
				4ABAFB9FF90DA61BAD52AF95 /* Pods_SwiftPortfolio.framework in Frameworks */,
			);
			runOnlyForDeploymentPostprocessing = 0;
		};
/* End PBXFrameworksBuildPhase section */

/* Begin PBXGroup section */
		039DA92724169A9600975379 = {
			isa = PBXGroup;
			children = (
				039DA93224169A9600975379 /* SwiftPortfolio */,
				039DA93124169A9600975379 /* Products */,
				2A879A4494BDFCE3D2477B17 /* Pods */,
				F2EBEDAF8DDC04B03B1682E3 /* Frameworks */,
			);
			sourceTree = "<group>";
		};
		039DA93124169A9600975379 /* Products */ = {
			isa = PBXGroup;
			children = (
				039DA93024169A9600975379 /* SwiftPortfolio.app */,
			);
			name = Products;
			sourceTree = "<group>";
		};
		039DA93224169A9600975379 /* SwiftPortfolio */ = {
			isa = PBXGroup;
			children = (
				039DA94824169F2A00975379 /* Model */,
				039DA94724169F1200975379 /* View Controllers */,
				039DA94924169F3800975379 /* View */,
				039DA94124169AA300975379 /* Info.plist */,
				84455D81241C48190042F189 /* Assets.xcassets */,
			);
			path = SwiftPortfolio;
			sourceTree = "<group>";
		};
		039DA94724169F1200975379 /* View Controllers */ = {
			isa = PBXGroup;
			children = (
				03929D33241943D500AC927E /* ViewController.swift */,
				03929D2224193B1300AC927E /* PythoController.swift */,
				0353AE97241BDDC300655224 /* CelsiusController.swift */,
			);
			path = "View Controllers";
			sourceTree = "<group>";
		};
		039DA94824169F2A00975379 /* Model */ = {
			isa = PBXGroup;
			children = (
				039DA93324169A9600975379 /* AppDelegate.swift */,
				039DA93524169A9600975379 /* SceneDelegate.swift */,
			);
			path = Model;
			sourceTree = "<group>";
		};
		039DA94924169F3800975379 /* View */ = {
			isa = PBXGroup;
			children = (
				039DA93E24169AA300975379 /* LaunchScreen.storyboard */,
				039DA93924169A9600975379 /* Main.storyboard */,
				03ACA575241A8A2600F18F05 /* pythoLab.storyboard */,
				0353AE92241BDD8900655224 /* celsiusLab.storyboard */,
			);
			path = View;
			sourceTree = "<group>";
		};
		2A879A4494BDFCE3D2477B17 /* Pods */ = {
			isa = PBXGroup;
			children = (
				399D706737C9395DAEAFEB50 /* Pods-SwiftPortfolio.debug.xcconfig */,
				BDC7CB9996311D61EE022508 /* Pods-SwiftPortfolio.release.xcconfig */,
			);
			path = Pods;
			sourceTree = "<group>";
		};
		F2EBEDAF8DDC04B03B1682E3 /* Frameworks */ = {
			isa = PBXGroup;
			children = (
				6CD484296151644291DC9606 /* Pods_SwiftPortfolio.framework */,
			);
			name = Frameworks;
			sourceTree = "<group>";
		};
/* End PBXGroup section */

/* Begin PBXNativeTarget section */
		039DA92F24169A9600975379 /* SwiftPortfolio */ = {
			isa = PBXNativeTarget;
			buildConfigurationList = 039DA94424169AA300975379 /* Build configuration list for PBXNativeTarget "SwiftPortfolio" */;
			buildPhases = (
				51A211E425875A59BE283C24 /* [CP] Check Pods Manifest.lock */,
				039DA92C24169A9600975379 /* Sources */,
				039DA92D24169A9600975379 /* Frameworks */,
				039DA92E24169A9600975379 /* Resources */,
				18874D02EA58C56B6AC069C8 /* [CP] Embed Pods Frameworks */,
			);
			buildRules = (
			);
			dependencies = (
			);
			name = SwiftPortfolio;
			productName = SwiftPortfolio;
			productReference = 039DA93024169A9600975379 /* SwiftPortfolio.app */;
			productType = "com.apple.product-type.application";
		};
/* End PBXNativeTarget section */

/* Begin PBXProject section */
		039DA92824169A9600975379 /* Project object */ = {
			isa = PBXProject;
			attributes = {
				LastSwiftUpdateCheck = 1130;
				LastUpgradeCheck = 1130;
				ORGANIZATIONNAME = "Hayes, Michael";
				TargetAttributes = {
					039DA92F24169A9600975379 = {
						CreatedOnToolsVersion = 11.3.1;
					};
				};
			};
			buildConfigurationList = 039DA92B24169A9600975379 /* Build configuration list for PBXProject "SwiftPortfolio" */;
			compatibilityVersion = "Xcode 9.3";
			developmentRegion = en;
			hasScannedForEncodings = 0;
			knownRegions = (
				en,
				Base,
			);
			mainGroup = 039DA92724169A9600975379;
			productRefGroup = 039DA93124169A9600975379 /* Products */;
			projectDirPath = "";
			projectRoot = "";
			targets = (
				039DA92F24169A9600975379 /* SwiftPortfolio */,
			);
		};
/* End PBXProject section */

/* Begin PBXResourcesBuildPhase section */
		039DA92E24169A9600975379 /* Resources */ = {
			isa = PBXResourcesBuildPhase;
			buildActionMask = 2147483647;
			files = (
				039DA94024169AA300975379 /* LaunchScreen.storyboard in Resources */,
				0353AE94241BDD8900655224 /* celsiusLab.storyboard in Resources */,
				03ACA577241A8A2600F18F05 /* pythoLab.storyboard in Resources */,
				039DA93B24169A9600975379 /* Main.storyboard in Resources */,
				84455D82241C48190042F189 /* Assets.xcassets in Resources */,
			);
			runOnlyForDeploymentPostprocessing = 0;
		};
/* End PBXResourcesBuildPhase section */

/* Begin PBXShellScriptBuildPhase section */
		18874D02EA58C56B6AC069C8 /* [CP] Embed Pods Frameworks */ = {
			isa = PBXShellScriptBuildPhase;
			buildActionMask = 2147483647;
			files = (
			);
			inputFileListPaths = (
				"${PODS_ROOT}/Target Support Files/Pods-SwiftPortfolio/Pods-SwiftPortfolio-frameworks-${CONFIGURATION}-input-files.xcfilelist",
			);
			name = "[CP] Embed Pods Frameworks";
			outputFileListPaths = (
				"${PODS_ROOT}/Target Support Files/Pods-SwiftPortfolio/Pods-SwiftPortfolio-frameworks-${CONFIGURATION}-output-files.xcfilelist",
			);
			runOnlyForDeploymentPostprocessing = 0;
			shellPath = /bin/sh;
			shellScript = "\"${PODS_ROOT}/Target Support Files/Pods-SwiftPortfolio/Pods-SwiftPortfolio-frameworks.sh\"\n";
			showEnvVarsInLog = 0;
		};
		51A211E425875A59BE283C24 /* [CP] Check Pods Manifest.lock */ = {
			isa = PBXShellScriptBuildPhase;
			buildActionMask = 2147483647;
			files = (
			);
			inputFileListPaths = (
			);
			inputPaths = (
				"${PODS_PODFILE_DIR_PATH}/Podfile.lock",
				"${PODS_ROOT}/Manifest.lock",
			);
			name = "[CP] Check Pods Manifest.lock";
			outputFileListPaths = (
			);
			outputPaths = (
				"$(DERIVED_FILE_DIR)/Pods-SwiftPortfolio-checkManifestLockResult.txt",
			);
			runOnlyForDeploymentPostprocessing = 0;
			shellPath = /bin/sh;
			shellScript = "diff \"${PODS_PODFILE_DIR_PATH}/Podfile.lock\" \"${PODS_ROOT}/Manifest.lock\" > /dev/null\nif [ $? != 0 ] ; then\n    # print error to STDERR\n    echo \"error: The sandbox is not in sync with the Podfile.lock. Run 'pod install' or update your CocoaPods installation.\" >&2\n    exit 1\nfi\n# This output is used by Xcode 'outputs' to avoid re-running this script phase.\necho \"SUCCESS\" > \"${SCRIPT_OUTPUT_FILE_0}\"\n";
			showEnvVarsInLog = 0;
		};
/* End PBXShellScriptBuildPhase section */

/* Begin PBXSourcesBuildPhase section */
		039DA92C24169A9600975379 /* Sources */ = {
			isa = PBXSourcesBuildPhase;
			buildActionMask = 2147483647;
			files = (
				03929D2324193B1300AC927E /* PythoController.swift in Sources */,
				039DA93424169A9600975379 /* AppDelegate.swift in Sources */,
				0353AE98241BDDC300655224 /* CelsiusController.swift in Sources */,
				03929D34241943D500AC927E /* ViewController.swift in Sources */,
				039DA93624169A9600975379 /* SceneDelegate.swift in Sources */,
			);
			runOnlyForDeploymentPostprocessing = 0;
		};
/* End PBXSourcesBuildPhase section */

/* Begin PBXVariantGroup section */
		0353AE92241BDD8900655224 /* celsiusLab.storyboard */ = {
			isa = PBXVariantGroup;
			children = (
				0353AE93241BDD8900655224 /* Base */,
			);
			name = celsiusLab.storyboard;
			sourceTree = "<group>";
		};
		039DA93924169A9600975379 /* Main.storyboard */ = {
			isa = PBXVariantGroup;
			children = (
				039DA93A24169A9600975379 /* Base */,
			);
			name = Main.storyboard;
			sourceTree = "<group>";
		};
		039DA93E24169AA300975379 /* LaunchScreen.storyboard */ = {
			isa = PBXVariantGroup;
			children = (
				039DA93F24169AA300975379 /* Base */,
			);
			name = LaunchScreen.storyboard;
			sourceTree = "<group>";
		};
		03ACA575241A8A2600F18F05 /* pythoLab.storyboard */ = {
			isa = PBXVariantGroup;
			children = (
				03ACA576241A8A2600F18F05 /* Base */,
			);
			name = pythoLab.storyboard;
			sourceTree = "<group>";
		};
/* End PBXVariantGroup section */

/* Begin XCBuildConfiguration section */
		039DA94224169AA300975379 /* Debug */ = {
			isa = XCBuildConfiguration;
			buildSettings = {
				ALWAYS_SEARCH_USER_PATHS = NO;
				CLANG_ANALYZER_NONNULL = YES;
				CLANG_ANALYZER_NUMBER_OBJECT_CONVERSION = YES_AGGRESSIVE;
				CLANG_CXX_LANGUAGE_STANDARD = "gnu++14";
				CLANG_CXX_LIBRARY = "libc++";
				CLANG_ENABLE_MODULES = YES;
				CLANG_ENABLE_OBJC_ARC = YES;
				CLANG_ENABLE_OBJC_WEAK = YES;
				CLANG_WARN_BLOCK_CAPTURE_AUTORELEASING = YES;
				CLANG_WARN_BOOL_CONVERSION = YES;
				CLANG_WARN_COMMA = YES;
				CLANG_WARN_CONSTANT_CONVERSION = YES;
				CLANG_WARN_DEPRECATED_OBJC_IMPLEMENTATIONS = YES;
				CLANG_WARN_DIRECT_OBJC_ISA_USAGE = YES_ERROR;
				CLANG_WARN_DOCUMENTATION_COMMENTS = YES;
				CLANG_WARN_EMPTY_BODY = YES;
				CLANG_WARN_ENUM_CONVERSION = YES;
				CLANG_WARN_INFINITE_RECURSION = YES;
				CLANG_WARN_INT_CONVERSION = YES;
				CLANG_WARN_NON_LITERAL_NULL_CONVERSION = YES;
				CLANG_WARN_OBJC_IMPLICIT_RETAIN_SELF = YES;
				CLANG_WARN_OBJC_LITERAL_CONVERSION = YES;
				CLANG_WARN_OBJC_ROOT_CLASS = YES_ERROR;
				CLANG_WARN_RANGE_LOOP_ANALYSIS = YES;
				CLANG_WARN_STRICT_PROTOTYPES = YES;
				CLANG_WARN_SUSPICIOUS_MOVE = YES;
				CLANG_WARN_UNGUARDED_AVAILABILITY = YES_AGGRESSIVE;
				CLANG_WARN_UNREACHABLE_CODE = YES;
				CLANG_WARN__DUPLICATE_METHOD_MATCH = YES;
				COPY_PHASE_STRIP = NO;
				DEBUG_INFORMATION_FORMAT = dwarf;
				ENABLE_STRICT_OBJC_MSGSEND = YES;
				ENABLE_TESTABILITY = YES;
				GCC_C_LANGUAGE_STANDARD = gnu11;
				GCC_DYNAMIC_NO_PIC = NO;
				GCC_NO_COMMON_BLOCKS = YES;
				GCC_OPTIMIZATION_LEVEL = 0;
				GCC_PREPROCESSOR_DEFINITIONS = (
					"DEBUG=1",
					"$(inherited)",
				);
				GCC_WARN_64_TO_32_BIT_CONVERSION = YES;
				GCC_WARN_ABOUT_RETURN_TYPE = YES_ERROR;
				GCC_WARN_UNDECLARED_SELECTOR = YES;
				GCC_WARN_UNINITIALIZED_AUTOS = YES_AGGRESSIVE;
				GCC_WARN_UNUSED_FUNCTION = YES;
				GCC_WARN_UNUSED_VARIABLE = YES;
				IPHONEOS_DEPLOYMENT_TARGET = 13.2;
				MTL_ENABLE_DEBUG_INFO = INCLUDE_SOURCE;
				MTL_FAST_MATH = YES;
				ONLY_ACTIVE_ARCH = YES;
				SDKROOT = iphoneos;
				SWIFT_ACTIVE_COMPILATION_CONDITIONS = DEBUG;
				SWIFT_OPTIMIZATION_LEVEL = "-Onone";
			};
			name = Debug;
		};
		039DA94324169AA300975379 /* Release */ = {
			isa = XCBuildConfiguration;
			buildSettings = {
				ALWAYS_SEARCH_USER_PATHS = NO;
				CLANG_ANALYZER_NONNULL = YES;
				CLANG_ANALYZER_NUMBER_OBJECT_CONVERSION = YES_AGGRESSIVE;
				CLANG_CXX_LANGUAGE_STANDARD = "gnu++14";
				CLANG_CXX_LIBRARY = "libc++";
				CLANG_ENABLE_MODULES = YES;
				CLANG_ENABLE_OBJC_ARC = YES;
				CLANG_ENABLE_OBJC_WEAK = YES;
				CLANG_WARN_BLOCK_CAPTURE_AUTORELEASING = YES;
				CLANG_WARN_BOOL_CONVERSION = YES;
				CLANG_WARN_COMMA = YES;
				CLANG_WARN_CONSTANT_CONVERSION = YES;
				CLANG_WARN_DEPRECATED_OBJC_IMPLEMENTATIONS = YES;
				CLANG_WARN_DIRECT_OBJC_ISA_USAGE = YES_ERROR;
				CLANG_WARN_DOCUMENTATION_COMMENTS = YES;
				CLANG_WARN_EMPTY_BODY = YES;
				CLANG_WARN_ENUM_CONVERSION = YES;
				CLANG_WARN_INFINITE_RECURSION = YES;
				CLANG_WARN_INT_CONVERSION = YES;
				CLANG_WARN_NON_LITERAL_NULL_CONVERSION = YES;
				CLANG_WARN_OBJC_IMPLICIT_RETAIN_SELF = YES;
				CLANG_WARN_OBJC_LITERAL_CONVERSION = YES;
				CLANG_WARN_OBJC_ROOT_CLASS = YES_ERROR;
				CLANG_WARN_RANGE_LOOP_ANALYSIS = YES;
				CLANG_WARN_STRICT_PROTOTYPES = YES;
				CLANG_WARN_SUSPICIOUS_MOVE = YES;
				CLANG_WARN_UNGUARDED_AVAILABILITY = YES_AGGRESSIVE;
				CLANG_WARN_UNREACHABLE_CODE = YES;
				CLANG_WARN__DUPLICATE_METHOD_MATCH = YES;
				COPY_PHASE_STRIP = NO;
				DEBUG_INFORMATION_FORMAT = "dwarf-with-dsym";
				ENABLE_NS_ASSERTIONS = NO;
				ENABLE_STRICT_OBJC_MSGSEND = YES;
				GCC_C_LANGUAGE_STANDARD = gnu11;
				GCC_NO_COMMON_BLOCKS = YES;
				GCC_WARN_64_TO_32_BIT_CONVERSION = YES;
				GCC_WARN_ABOUT_RETURN_TYPE = YES_ERROR;
				GCC_WARN_UNDECLARED_SELECTOR = YES;
				GCC_WARN_UNINITIALIZED_AUTOS = YES_AGGRESSIVE;
				GCC_WARN_UNUSED_FUNCTION = YES;
				GCC_WARN_UNUSED_VARIABLE = YES;
				IPHONEOS_DEPLOYMENT_TARGET = 13.2;
				MTL_ENABLE_DEBUG_INFO = NO;
				MTL_FAST_MATH = YES;
				SDKROOT = iphoneos;
				SWIFT_COMPILATION_MODE = wholemodule;
				SWIFT_OPTIMIZATION_LEVEL = "-O";
				VALIDATE_PRODUCT = YES;
			};
			name = Release;
		};
		039DA94524169AA300975379 /* Debug */ = {
			isa = XCBuildConfiguration;
			baseConfigurationReference = 399D706737C9395DAEAFEB50 /* Pods-SwiftPortfolio.debug.xcconfig */;
			buildSettings = {
				ASSETCATALOG_COMPILER_APPICON_NAME = AppIcon;
				CODE_SIGN_STYLE = Automatic;
				INFOPLIST_FILE = SwiftPortfolio/Info.plist;
				LD_RUNPATH_SEARCH_PATHS = (
					"$(inherited)",
					"@executable_path/Frameworks",
				);
				PRODUCT_BUNDLE_IDENTIFIER = cmpscip5s.SwiftPortfolio;
				PRODUCT_NAME = "$(TARGET_NAME)";
				SWIFT_VERSION = 5.0;
				TARGETED_DEVICE_FAMILY = "1,2";
			};
			name = Debug;
		};
		039DA94624169AA300975379 /* Release */ = {
			isa = XCBuildConfiguration;
			baseConfigurationReference = BDC7CB9996311D61EE022508 /* Pods-SwiftPortfolio.release.xcconfig */;
			buildSettings = {
				ASSETCATALOG_COMPILER_APPICON_NAME = AppIcon;
				CODE_SIGN_STYLE = Automatic;
				INFOPLIST_FILE = SwiftPortfolio/Info.plist;
				LD_RUNPATH_SEARCH_PATHS = (
					"$(inherited)",
					"@executable_path/Frameworks",
				);
				PRODUCT_BUNDLE_IDENTIFIER = cmpscip5s.SwiftPortfolio;
				PRODUCT_NAME = "$(TARGET_NAME)";
				SWIFT_VERSION = 5.0;
				TARGETED_DEVICE_FAMILY = "1,2";
			};
			name = Release;
		};
/* End XCBuildConfiguration section */

/* Begin XCConfigurationList section */
		039DA92B24169A9600975379 /* Build configuration list for PBXProject "SwiftPortfolio" */ = {
			isa = XCConfigurationList;
			buildConfigurations = (
				039DA94224169AA300975379 /* Debug */,
				039DA94324169AA300975379 /* Release */,
			);
			defaultConfigurationIsVisible = 0;
			defaultConfigurationName = Release;
		};
		039DA94424169AA300975379 /* Build configuration list for PBXNativeTarget "SwiftPortfolio" */ = {
			isa = XCConfigurationList;
			buildConfigurations = (
				039DA94524169AA300975379 /* Debug */,
				039DA94624169AA300975379 /* Release */,
			);
			defaultConfigurationIsVisible = 0;
			defaultConfigurationName = Release;
		};
/* End XCConfigurationList section */
	};
	rootObject = 039DA92824169A9600975379 /* Project object */;
}
